
Microsoft Visual Studio Solution File, Format Version 12.00
# Visual Studio Version 17
VisualStudioVersion = 17.11.35222.181
MinimumVisualStudioVersion = 10.0.40219.1
Project("{FAE04EC0-301F-11D3-BF4B-00C04F79EFBC}") = "MyE-Commerce", "MyE-Commerce\MyE-Commerce.csproj", "{184E07F7-8FDF-4227-A426-A5A6912139C6}"
EndProject
Global
	GlobalSection(SolutionConfigurationPlatforms) = preSolution
		Debug|Any CPU = Debug|Any CPU
		Release|Any CPU = Release|Any CPU
	EndGlobalSection
	GlobalSection(ProjectConfigurationPlatforms) = postSolution
		{184E07F7-8FDF-4227-A426-A5A6912139C6}.Debug|Any CPU.ActiveCfg = Debug|Any CPU
		{184E07F7-8FDF-4227-A426-A5A6912139C6}.Debug|Any CPU.Build.0 = Debug|Any CPU
		{184E07F7-8FDF-4227-A426-A5A6912139C6}.Release|Any CPU.ActiveCfg = Release|Any CPU
		{184E07F7-8FDF-4227-A426-A5A6912139C6}.Release|Any CPU.Build.0 = Release|Any CPU
	EndGlobalSection
	GlobalSection(SolutionProperties) = preSolution
		HideSolutionNode = FALSE
	EndGlobalSection
	GlobalSection(ExtensibilityGlobals) = postSolution
		SolutionGuid = {527D4C7C-AEFA-406F-BEDF-6DCEA40FADB0}
	EndGlobalSection
EndGlobal
